
Microsoft Visual Studio Solution File, Format Version 12.00
# Visual Studio Version 17
VisualStudioVersion = 17.2.32630.192
MinimumVisualStudioVersion = 10.0.40219.1
Project("{9A19103F-16F7-4668-BE54-9A1E7A4F7556}") = "DiaryApp", "DiaryApp\DiaryApp.csproj", "{E02DCD9A-2C2F-4D5F-8032-CF99FE71A9FF}"
EndProject
Project("{9A19103F-16F7-4668-BE54-9A1E7A4F7556}") = "DiaryAppDbContext", "DiaryAppDbContext\DiaryAppDbContext.csproj", "{CA9FA026-FACD-47A2-B89D-7A740224B7BC}"
EndProject
Project("{9A19103F-16F7-4668-BE54-9A1E7A4F7556}") = "DataTransferObjects", "DataTransferObjects\DataTransferObjects.csproj", "{8D21785F-DE60-41B2-93B1-741DF523D016}"
EndProject
Project("{2150E333-8FDC-42A3-9474-1A3956D46DE8}") = "Çözüm Öğeleri", "Çözüm Öğeleri", "{F6ED9B4C-4DE6-4FD8-80AC-D77FC53C48E5}"
EndProject
Global
	GlobalSection(SolutionConfigurationPlatforms) = preSolution
		Debug|Any CPU = Debug|Any CPU
		Release|Any CPU = Release|Any CPU
	EndGlobalSection
	GlobalSection(ProjectConfigurationPlatforms) = postSolution
		{E02DCD9A-2C2F-4D5F-8032-CF99FE71A9FF}.Debug|Any CPU.ActiveCfg = Debug|Any CPU
		{E02DCD9A-2C2F-4D5F-8032-CF99FE71A9FF}.Debug|Any CPU.Build.0 = Debug|Any CPU
		{E02DCD9A-2C2F-4D5F-8032-CF99FE71A9FF}.Release|Any CPU.ActiveCfg = Release|Any CPU
		{E02DCD9A-2C2F-4D5F-8032-CF99FE71A9FF}.Release|Any CPU.Build.0 = Release|Any CPU
		{CA9FA026-FACD-47A2-B89D-7A740224B7BC}.Debug|Any CPU.ActiveCfg = Debug|Any CPU
		{CA9FA026-FACD-47A2-B89D-7A740224B7BC}.Debug|Any CPU.Build.0 = Debug|Any CPU
		{CA9FA026-FACD-47A2-B89D-7A740224B7BC}.Release|Any CPU.ActiveCfg = Release|Any CPU
		{CA9FA026-FACD-47A2-B89D-7A740224B7BC}.Release|Any CPU.Build.0 = Release|Any CPU
		{8D21785F-DE60-41B2-93B1-741DF523D016}.Debug|Any CPU.ActiveCfg = Debug|Any CPU
		{8D21785F-DE60-41B2-93B1-741DF523D016}.Debug|Any CPU.Build.0 = Debug|Any CPU
		{8D21785F-DE60-41B2-93B1-741DF523D016}.Release|Any CPU.ActiveCfg = Release|Any CPU
		{8D21785F-DE60-41B2-93B1-741DF523D016}.Release|Any CPU.Build.0 = Release|Any CPU
	EndGlobalSection
	GlobalSection(SolutionProperties) = preSolution
		HideSolutionNode = FALSE
	EndGlobalSection
	GlobalSection(ExtensibilityGlobals) = postSolution
		SolutionGuid = {E6901AF8-B456-49B3-AC0B-AA7044F961AC}
	EndGlobalSection
EndGlobal
